
Microsoft Visual Studio Solution File, Format Version 12.00
# Visual Studio Version 16
VisualStudioVersion = 16.0.28803.156
MinimumVisualStudioVersion = 10.0.40219.1
Project("{FAE04EC0-301F-11D3-BF4B-00C04F79EFBC}") = "Lottoprogram", "Lottoprogram.csproj", "{20A596E8-ADFC-447B-86FE-EEE4B7367DCF}"
EndProject
Global
	GlobalSection(SolutionConfigurationPlatforms) = preSolution
		Debug|Any CPU = Debug|Any CPU
		Release|Any CPU = Release|Any CPU
	EndGlobalSection
	GlobalSection(ProjectConfigurationPlatforms) = postSolution
		{20A596E8-ADFC-447B-86FE-EEE4B7367DCF}.Debug|Any CPU.ActiveCfg = Debug|Any CPU
		{20A596E8-ADFC-447B-86FE-EEE4B7367DCF}.Debug|Any CPU.Build.0 = Debug|Any CPU
		{20A596E8-ADFC-447B-86FE-EEE4B7367DCF}.Release|Any CPU.ActiveCfg = Release|Any CPU
		{20A596E8-ADFC-447B-86FE-EEE4B7367DCF}.Release|Any CPU.Build.0 = Release|Any CPU
	EndGlobalSection
	GlobalSection(SolutionProperties) = preSolution
		HideSolutionNode = FALSE
	EndGlobalSection
	GlobalSection(ExtensibilityGlobals) = postSolution
		SolutionGuid = {937987C6-EEF2-4C00-8E47-F7A9F8DB070E}
	EndGlobalSection
EndGlobal
